{
  "name": "RepeaterTV",
  "version": "1.0.0",
  "lockfileVersion": 1,
  "requires": true,
  "dependencies": {
    "parse-form": {
      "version": "4.0.5",
      "resolved": "https://registry.npmjs.org/parse-form/-/parse-form-4.0.5.tgz",
      "integrity": "sha512-ijSObQ2BHBPfdIqgal0tk6kKmLirZrAXVqXaHo1uir1fLDI6ni4OGXvWMSuTe4k+NR0kaND6fdfQJ/ZXZGj3kA==",
      "requires": {
        "q-set": "^2.0.8"
      }
    },
    "q-set": {
      "version": "2.0.8",
      "resolved": "https://registry.npmjs.org/q-set/-/q-set-2.0.8.tgz",
      "integrity": "sha512-rCtOzqiiJPVu5wDqQw39195hdOngw6Ci+y09jZAYlStDoBgKXaMWNlWpT284aCRjUWRCi+r7oo75GAFSdu456A=="
    }
  }
}
